
Microsoft Visual Studio Solution File, Format Version 12.00
# Visual Studio Version 16
VisualStudioVersion = 16.0.32228.343
MinimumVisualStudioVersion = 10.0.40219.1
Project("{2150E333-8FDC-42A3-9474-1A3956D46DE8}") = "Sample", "Sample", "{DCE312C4-6156-493B-9469-8B0D829555ED}"
EndProject
Project("{FAE04EC0-301F-11D3-BF4B-00C04F79EFBC}") = "ConsoleApp0411", "Sample\ConsoleApp0411\ConsoleApp0411.csproj", "{7836A3BD-C833-4D44-8010-3E950384C52F}"
EndProject
Project("{FAE04EC0-301F-11D3-BF4B-00C04F79EFBC}") = "WindowsFormsApp1", "Sample\WindowsFormsApp1\WindowsFormsApp1.csproj", "{44FBA7E8-3D4C-4B7E-813C-A60750A2C0E7}"
EndProject
Project("{FAE04EC0-301F-11D3-BF4B-00C04F79EFBC}") = "Ballapp", "Sample\Ballapp\Ballapp.csproj", "{36B4473D-E311-4BA2-8744-B96BF05D7D4D}"
EndProject
Project("{2150E333-8FDC-42A3-9474-1A3956D46DE8}") = "chapter01", "chapter01", "{AC112412-3618-41A5-9B9B-D614FF54959C}"
EndProject
Project("{FAE04EC0-301F-11D3-BF4B-00C04F79EFBC}") = "ProductSample", "chapter01\Product\ProductSample.csproj", "{D03E2E50-537C-4679-B15F-ACCC1ABA3A58}"
EndProject
Global
	GlobalSection(SolutionConfigurationPlatforms) = preSolution
		Debug|Any CPU = Debug|Any CPU
		Release|Any CPU = Release|Any CPU
	EndGlobalSection
	GlobalSection(ProjectConfigurationPlatforms) = postSolution
		{7836A3BD-C833-4D44-8010-3E950384C52F}.Debug|Any CPU.ActiveCfg = Debug|Any CPU
		{7836A3BD-C833-4D44-8010-3E950384C52F}.Debug|Any CPU.Build.0 = Debug|Any CPU
		{7836A3BD-C833-4D44-8010-3E950384C52F}.Release|Any CPU.ActiveCfg = Release|Any CPU
		{7836A3BD-C833-4D44-8010-3E950384C52F}.Release|Any CPU.Build.0 = Release|Any CPU
		{44FBA7E8-3D4C-4B7E-813C-A60750A2C0E7}.Debug|Any CPU.ActiveCfg = Debug|Any CPU
		{44FBA7E8-3D4C-4B7E-813C-A60750A2C0E7}.Debug|Any CPU.Build.0 = Debug|Any CPU
		{44FBA7E8-3D4C-4B7E-813C-A60750A2C0E7}.Release|Any CPU.ActiveCfg = Release|Any CPU
		{44FBA7E8-3D4C-4B7E-813C-A60750A2C0E7}.Release|Any CPU.Build.0 = Release|Any CPU
		{36B4473D-E311-4BA2-8744-B96BF05D7D4D}.Debug|Any CPU.ActiveCfg = Debug|Any CPU
		{36B4473D-E311-4BA2-8744-B96BF05D7D4D}.Debug|Any CPU.Build.0 = Debug|Any CPU
		{36B4473D-E311-4BA2-8744-B96BF05D7D4D}.Release|Any CPU.ActiveCfg = Release|Any CPU
		{36B4473D-E311-4BA2-8744-B96BF05D7D4D}.Release|Any CPU.Build.0 = Release|Any CPU
		{D03E2E50-537C-4679-B15F-ACCC1ABA3A58}.Debug|Any CPU.ActiveCfg = Debug|Any CPU
		{D03E2E50-537C-4679-B15F-ACCC1ABA3A58}.Debug|Any CPU.Build.0 = Debug|Any CPU
		{D03E2E50-537C-4679-B15F-ACCC1ABA3A58}.Release|Any CPU.ActiveCfg = Release|Any CPU
		{D03E2E50-537C-4679-B15F-ACCC1ABA3A58}.Release|Any CPU.Build.0 = Release|Any CPU
	EndGlobalSection
	GlobalSection(SolutionProperties) = preSolution
		HideSolutionNode = FALSE
	EndGlobalSection
	GlobalSection(NestedProjects) = preSolution
		{7836A3BD-C833-4D44-8010-3E950384C52F} = {DCE312C4-6156-493B-9469-8B0D829555ED}
		{44FBA7E8-3D4C-4B7E-813C-A60750A2C0E7} = {DCE312C4-6156-493B-9469-8B0D829555ED}
		{36B4473D-E311-4BA2-8744-B96BF05D7D4D} = {DCE312C4-6156-493B-9469-8B0D829555ED}
		{D03E2E50-537C-4679-B15F-ACCC1ABA3A58} = {AC112412-3618-41A5-9B9B-D614FF54959C}
	EndGlobalSection
	GlobalSection(ExtensibilityGlobals) = postSolution
		SolutionGuid = {5959C9FF-7411-42FC-8103-B2E13EDAC693}
	EndGlobalSection
EndGlobal
