
Microsoft Visual Studio Solution File, Format Version 12.00
# Visual Studio Version 16
VisualStudioVersion = 16.0.32228.343
MinimumVisualStudioVersion = 10.0.40219.1
Project("{2150E333-8FDC-42A3-9474-1A3956D46DE8}") = "Sample", "Sample", "{DCE312C4-6156-493B-9469-8B0D829555ED}"
EndProject
Project("{FAE04EC0-301F-11D3-BF4B-00C04F79EFBC}") = "ConsoleApp0411", "Sample\ConsoleApp0411\ConsoleApp0411.csproj", "{7836A3BD-C833-4D44-8010-3E950384C52F}"
EndProject
Project("{FAE04EC0-301F-11D3-BF4B-00C04F79EFBC}") = "WindowsFormsApp1", "Sample\WindowsFormsApp1\WindowsFormsApp1.csproj", "{44FBA7E8-3D4C-4B7E-813C-A60750A2C0E7}"
EndProject
Project("{FAE04EC0-301F-11D3-BF4B-00C04F79EFBC}") = "Ballapp", "Sample\Ballapp\Ballapp.csproj", "{36B4473D-E311-4BA2-8744-B96BF05D7D4D}"
EndProject
Project("{2150E333-8FDC-42A3-9474-1A3956D46DE8}") = "chapter01", "chapter01", "{AC112412-3618-41A5-9B9B-D614FF54959C}"
EndProject
Project("{FAE04EC0-301F-11D3-BF4B-00C04F79EFBC}") = "ProductSample", "chapter01\Product\ProductSample.csproj", "{D03E2E50-537C-4679-B15F-ACCC1ABA3A58}"
EndProject
Project("{2150E333-8FDC-42A3-9474-1A3956D46DE8}") = "Chapter02", "Chapter02", "{2ACFA40E-651F-4CB7-844B-1EB11478BF2E}"
EndProject
Project("{2150E333-8FDC-42A3-9474-1A3956D46DE8}") = "距離換算プログラム", "距離換算プログラム", "{935EE69B-750E-4801-8AEF-0E2F2C8BA21C}"
EndProject
Project("{FAE04EC0-301F-11D3-BF4B-00C04F79EFBC}") = "DistanceConverter", "Chapter02\距離換算プログラム\DistanceConverter\DistanceConverter.csproj", "{36A7A6CD-1F59-4586-9253-E7D225969E94}"
EndProject
Project("{2150E333-8FDC-42A3-9474-1A3956D46DE8}") = "売上集計プログラム", "売上集計プログラム", "{E1BE290A-C7C8-4290-8BE9-6E950715762F}"
EndProject
Project("{FAE04EC0-301F-11D3-BF4B-00C04F79EFBC}") = "SalesCalculator", "Chapter02\売上集計プログラム\SalesCalculator\SalesCalculator.csproj", "{85B8655F-7290-41AD-8F94-CE0D05935F14}"
EndProject
Project("{2150E333-8FDC-42A3-9474-1A3956D46DE8}") = "演習問題", "演習問題", "{2613D125-6DF5-4E5D-B1D0-95BB66552861}"
EndProject
Project("{FAE04EC0-301F-11D3-BF4B-00C04F79EFBC}") = "Exercise01", "Chapter02\演習問題\Exercise01\Exercise01.csproj", "{9ECB0AF1-5DD4-409B-8FA9-A6E7E0A6E011}"
EndProject
Project("{FAE04EC0-301F-11D3-BF4B-00C04F79EFBC}") = "Exercise02", "Chapter02\演習問題\Exercise02\Exercise02.csproj", "{C854BD89-FD98-45FB-BC33-D8AB04A0D2DF}"
EndProject
Project("{FAE04EC0-301F-11D3-BF4B-00C04F79EFBC}") = "Exercise03", "Chapter02\演習問題\Exercise03\Exercise03.csproj", "{FE6AF6F2-4EBF-4B1F-93EE-AFEA3565E692}"
EndProject
Project("{2150E333-8FDC-42A3-9474-1A3956D46DE8}") = "Chapter03", "Chapter03", "{05E73E3A-8628-4B73-BD5D-EE06AEF25E61}"
EndProject
Project("{FAE04EC0-301F-11D3-BF4B-00C04F79EFBC}") = "Section01", "Chapter03\Section01\Section01.csproj", "{3D62165A-C0A0-4CF1-B334-4095451DAC4A}"
EndProject
Project("{FAE04EC0-301F-11D3-BF4B-00C04F79EFBC}") = "Section03", "Chapter03\Section03\Section03.csproj", "{D593F776-24BF-4BCC-88D3-16D165D601D2}"
EndProject
Project("{FAE04EC0-301F-11D3-BF4B-00C04F79EFBC}") = "Section04", "Chapter03\Section04\Section04.csproj", "{124BD0DB-43A7-493C-85FA-93A32752907B}"
EndProject
Project("{2150E333-8FDC-42A3-9474-1A3956D46DE8}") = "演習問題", "演習問題", "{4E4FD7CD-CF45-4F29-B4E7-5A0C3F72B697}"
EndProject
Project("{FAE04EC0-301F-11D3-BF4B-00C04F79EFBC}") = "Exercise01", "Chapter03\演習問題\Exercise01\Exercise01.csproj", "{118F278E-AE0C-4227-A173-2E9D1A31AA8C}"
EndProject
Project("{FAE04EC0-301F-11D3-BF4B-00C04F79EFBC}") = "Exercise02", "Chapter03\演習問題\Exercise02\Exercise02.csproj", "{975C648C-D8F9-4C9C-811F-E9EA9CFE5A47}"
EndProject
Project("{2150E333-8FDC-42A3-9474-1A3956D46DE8}") = "Chapter04", "Chapter04", "{B50BB26E-91E0-49FA-A431-6620E6C19476}"
EndProject
Project("{2150E333-8FDC-42A3-9474-1A3956D46DE8}") = "P115_条件演算子.null合体演算子", "P115_条件演算子.null合体演算子", "{133857A7-1709-4305-8B3A-987846D500EF}"
EndProject
Project("{FAE04EC0-301F-11D3-BF4B-00C04F79EFBC}") = "Section04", "Chapter04\条件演算子.null合体演算子\Section04\Section04.csproj", "{122BE3D4-3DDF-484C-81A7-A46B0B7B1C65}"
EndProject
Project("{2150E333-8FDC-42A3-9474-1A3956D46DE8}") = "P126_TryParse", "P126_TryParse", "{AA1B907A-7B09-4713-A33A-C84262AEE7C4}"
EndProject
Project("{FAE04EC0-301F-11D3-BF4B-00C04F79EFBC}") = "Section07", "Chapter04\TryParse\Section07\Section07.csproj", "{92C7F57F-5737-45D3-B16E-3C7C75C24B43}"
EndProject
Project("{2150E333-8FDC-42A3-9474-1A3956D46DE8}") = "演習問題", "演習問題", "{8A0DFC01-A1F2-4F6F-AF6A-9E562A5BE857}"
EndProject
Project("{FAE04EC0-301F-11D3-BF4B-00C04F79EFBC}") = "Exercise01", "Chapter04\演習問題\Exercise01\Exercise01.csproj", "{EAE1FA8A-1464-460C-9AAC-C0F8815FF6C0}"
EndProject
Project("{FAE04EC0-301F-11D3-BF4B-00C04F79EFBC}") = "Exercise02", "Chapter04\演習問題\Exercise02\Exercise02.csproj", "{63FDD35F-9C57-4966-A0F4-D2D6577A20CC}"
EndProject
Project("{2150E333-8FDC-42A3-9474-1A3956D46DE8}") = "Chapter05", "Chapter05", "{88B1E85F-31A0-4DE5-8F91-22D4E4E0ED5D}"
EndProject
Project("{2150E333-8FDC-42A3-9474-1A3956D46DE8}") = "演習問題", "演習問題", "{09A19A88-76AB-46A4-B818-E5CBFD1BA354}"
EndProject
Project("{FAE04EC0-301F-11D3-BF4B-00C04F79EFBC}") = "Exercise01", "Chapter05\演習問題\Exercise01\Exercise01.csproj", "{C5CAC61A-9199-4689-A2B3-EA6E6FCF009A}"
EndProject
Project("{FAE04EC0-301F-11D3-BF4B-00C04F79EFBC}") = "Exercise02", "Chapter05\演習問題\Exercise02\Exercise02.csproj", "{1DA727B1-1570-4D03-A5C8-C1DE06DAA14C}"
EndProject
Project("{FAE04EC0-301F-11D3-BF4B-00C04F79EFBC}") = "Exercise3", "Chapter05\演習問題\Exercise3\Exercise3.csproj", "{E162FE40-2FC0-4409-8716-8B81EFCB2F3F}"
EndProject
Project("{FAE04EC0-301F-11D3-BF4B-00C04F79EFBC}") = "Exercise04", "Chapter05\演習問題\Exercise04\Exercise04.csproj", "{AE1CA65A-A812-45F0-981C-0E4082B5E770}"
EndProject
Project("{2150E333-8FDC-42A3-9474-1A3956D46DE8}") = "Chapter06", "Chapter06", "{3F9380CA-764C-4D86-87CC-30F0A84BF700}"
EndProject
Project("{FAE04EC0-301F-11D3-BF4B-00C04F79EFBC}") = "Section01", "Chapter06\Section01\Section01.csproj", "{4364827F-C15B-4678-9A6C-1CD5D2F6A36D}"
EndProject
Project("{FAE04EC0-301F-11D3-BF4B-00C04F79EFBC}") = "Section02", "Chapter06\Section02\Section02.csproj", "{AC097385-A520-47A0-B862-AC0041BABC6F}"
EndProject
Project("{2150E333-8FDC-42A3-9474-1A3956D46DE8}") = "演習問題", "演習問題", "{D769FFE5-E4C3-4B59-8B99-302681110031}"
EndProject
Project("{FAE04EC0-301F-11D3-BF4B-00C04F79EFBC}") = "Exercis01", "Chapter06\演習問題\Exercis01\Exercis01.csproj", "{254E4C6C-02FA-4C85-984A-4FB3E3875D0D}"
EndProject
Project("{FAE04EC0-301F-11D3-BF4B-00C04F79EFBC}") = "Exercis02", "Chapter06\演習問題\Exercis02\Exercis02.csproj", "{366749A5-676F-4FEA-A572-0A62AD2F5B99}"
EndProject
Project("{2150E333-8FDC-42A3-9474-1A3956D46DE8}") = "試験01", "試験01", "{2BDF3376-DF7A-4124-A841-6F065F57B9C1}"
EndProject
Project("{FAE04EC0-301F-11D3-BF4B-00C04F79EFBC}") = "Test01", "TestProject\Test01\Test01.csproj", "{2BFACDC3-F44D-4199-8498-F5C3C4AC0335}"
EndProject
Project("{FAE04EC0-301F-11D3-BF4B-00C04F79EFBC}") = "Test02", "TestProject\Test02\Test02.csproj", "{E461C0A8-8900-485C-B520-E929BA33F712}"
EndProject
Project("{2150E333-8FDC-42A3-9474-1A3956D46DE8}") = "Chapter07", "Chapter07", "{07746A89-1E5D-4546-9CEA-92A3660C4BCB}"
EndProject
Project("{FAE04EC0-301F-11D3-BF4B-00C04F79EFBC}") = "Section01", "Chapter07\Section01\Section01.csproj", "{7AF8A78A-C9DB-451C-8FB1-A59E314C7139}"
EndProject
Project("{FAE04EC0-301F-11D3-BF4B-00C04F79EFBC}") = "Section02", "Chapter07\Section02\Section02.csproj", "{71EC36D3-E71D-4005-8F86-CE52C093DEA5}"
EndProject
Project("{FAE04EC0-301F-11D3-BF4B-00C04F79EFBC}") = "Section03", "Chapter07\Section03\Section03.csproj", "{34627FD0-84E9-4034-894C-7745B3867292}"
EndProject
Project("{2150E333-8FDC-42A3-9474-1A3956D46DE8}") = "演習問題", "演習問題", "{E8940BB7-A84D-4E36-AA8B-4BB18F21B84E}"
EndProject
Project("{FAE04EC0-301F-11D3-BF4B-00C04F79EFBC}") = "Exercise01", "演習問題\Exercise01\Exercise01.csproj", "{C3C8ADD3-12FC-4ED9-AD6D-3ECF20DFF8EF}"
EndProject
Project("{FAE04EC0-301F-11D3-BF4B-00C04F79EFBC}") = "Exercise02", "Chapter07\演習問題\Exercise02\Exercise02.csproj", "{DFEDC338-59B7-4823-878C-95F767891E8E}"
EndProject
Project("{2150E333-8FDC-42A3-9474-1A3956D46DE8}") = "Chapter08", "Chapter08", "{A78516A0-E060-4B09-A2B6-76715588D2E5}"
EndProject
Project("{2150E333-8FDC-42A3-9474-1A3956D46DE8}") = "演習問題", "演習問題", "{FAAA81F8-B780-4DFC-BAA8-BA4E1F3CE8CA}"
EndProject
Project("{FAE04EC0-301F-11D3-BF4B-00C04F79EFBC}") = "Exercis01", "Chapter08\演習問題\Exercis01\Exercis01.csproj", "{78269DFC-A12B-40A8-8EAD-0BFF94358148}"
EndProject
Project("{FAE04EC0-301F-11D3-BF4B-00C04F79EFBC}") = "Exercis02", "Chapter08\演習問題\Exercis02\Exercis02.csproj", "{F26EEB4C-BDEC-422B-8F6A-C610B61E8FD9}"
EndProject
Project("{FAE04EC0-301F-11D3-BF4B-00C04F79EFBC}") = "Exercise03", "..\..\..\Desktop\Exercise03\Exercise03.csproj", "{D614FA80-D264-4E2D-B07B-9515A14F9D1E}"
EndProject
Project("{2150E333-8FDC-42A3-9474-1A3956D46DE8}") = "フォームアプリケーション", "フォームアプリケーション", "{063A4CF2-31C8-4DE5-9A6A-CE53631F3E1F}"
EndProject
Project("{FAE04EC0-301F-11D3-BF4B-00C04F79EFBC}") = "CalendarApp", "Chapter08\フォームアプリケーション\CalendarApp\CalendarApp.csproj", "{0D396DD4-98A9-4CE8-A6F5-05952F53DE7A}"
EndProject
Project("{2150E333-8FDC-42A3-9474-1A3956D46DE8}") = "FormApps", "FormApps", "{3A462911-4D19-4350-A479-519BEFF5B873}"
EndProject
Project("{FAE04EC0-301F-11D3-BF4B-00C04F79EFBC}") = "CarReportSystem", "FormApps\CarReportSystem\CarReportSystem.csproj", "{84A1C25D-6DE3-43A1-891E-B024A3AC1F48}"
EndProject
Project("{2150E333-8FDC-42A3-9474-1A3956D46DE8}") = "Chapter13", "Chapter13", "{56742F36-755A-4DA4-81FB-39B8378F2DEE}"
EndProject
Project("{FAE04EC0-301F-11D3-BF4B-00C04F79EFBC}") = "SampleEntityFrameWork", "Chapter13\SampleEntityFrameWork\SampleEntityFrameWork.csproj", "{C0BB7A21-A5DB-457B-9FD8-CAD1964EE7EC}"
EndProject
Project("{2150E333-8FDC-42A3-9474-1A3956D46DE8}") = "Chapter14", "Chapter14", "{7FA3B761-E9F0-4161-936C-243DAB79DC27}"
EndProject
Project("{FAE04EC0-301F-11D3-BF4B-00C04F79EFBC}") = "Section01", "Chapter14\Section01\Section01.csproj", "{DC4E51A2-22DF-4257-9F98-DD90B2005B6D}"
EndProject
Project("{FAE04EC0-301F-11D3-BF4B-00C04F79EFBC}") = "Section2", "Chapter14\Section2\Section2.csproj", "{745D51E1-7D37-4F4F-9E51-164A15F510A8}"
EndProject
Project("{FAE04EC0-301F-11D3-BF4B-00C04F79EFBC}") = "Section04", "Chapter14\Section04\Section04.csproj", "{63D81CB3-D4B3-4423-A4DD-B33CDCB1BD93}"
EndProject
Project("{FAE04EC0-301F-11D3-BF4B-00C04F79EFBC}") = "RssReader", "FormApps\RssReader\RssReader.csproj", "{BD62D05D-D8A5-4000-B23B-2A7EAF411AE4}"
EndProject
Project("{2150E333-8FDC-42A3-9474-1A3956D46DE8}") = "Chapter10", "Chapter10", "{A069F59D-5474-4F00-ADA4-5A6CEFEB09ED}"
EndProject
Project("{FAE04EC0-301F-11D3-BF4B-00C04F79EFBC}") = "Section02", "Chapter10\Section02\Section02.csproj", "{61367CBD-8C12-48D2-8B0B-B5AC7BF211CB}"
EndProject
Project("{FAE04EC0-301F-11D3-BF4B-00C04F79EFBC}") = "Section03", "Chapter10\Section03\Section03.csproj", "{E0310860-AC52-4CE5-B683-282C7319F3EB}"
EndProject
Project("{2150E333-8FDC-42A3-9474-1A3956D46DE8}") = "演習問題", "演習問題", "{871AB5B4-79D5-4E0C-9066-8728B93FE9DE}"
EndProject
Project("{FAE04EC0-301F-11D3-BF4B-00C04F79EFBC}") = "Exercise01", "Chapter10\演習問題\Exercise01\Exercise01.csproj", "{242A96AA-C646-448E-A824-AF136B3874A9}"
EndProject
Project("{FAE04EC0-301F-11D3-BF4B-00C04F79EFBC}") = "Exercise02", "Chapter10\演習問題\Exercise02\Exercise02.csproj", "{B2F016A9-6301-49D0-B97F-828B8B4BFCCE}"
EndProject
Project("{FAE04EC0-301F-11D3-BF4B-00C04F79EFBC}") = "Exercise03", "Chapter10\演習問題\Exercise03\Exercise03.csproj", "{BCE0A141-9952-4A52-A976-83663DDDD39E}"
EndProject
Project("{FAE04EC0-301F-11D3-BF4B-00C04F79EFBC}") = "Exercise04", "Chapter10\演習問題\Exercise04\Exercise04.csproj", "{79E9586D-3E43-46BF-A5F2-A121207DBC7B}"
EndProject
Project("{FAE04EC0-301F-11D3-BF4B-00C04F79EFBC}") = "Exercise05", "Chapter10\演習問題\Exercise05\Exercise05.csproj", "{FEFEB3FF-FF38-4116-9ED4-478244F73841}"
EndProject
Project("{FAE04EC0-301F-11D3-BF4B-00C04F79EFBC}") = "Exercise06", "Chapter10\演習問題\Exercise06\Exercise06.csproj", "{59259BF9-B19D-434C-816E-894EDD7BCBDC}"
EndProject
Project("{2150E333-8FDC-42A3-9474-1A3956D46DE8}") = "Chapter15", "Chapter15", "{0E6B2012-B036-4480-9DB4-BDD86BD9B5EA}"
EndProject
Project("{FAE04EC0-301F-11D3-BF4B-00C04F79EFBC}") = "Section01", "Chapter15\Section01\Section01.csproj", "{7AFDA919-6F59-422B-8068-3400A5071BFB}"
EndProject
Project("{2150E333-8FDC-42A3-9474-1A3956D46DE8}") = "演習問題", "演習問題", "{22BE9F29-9861-4B27-AAC8-9AF0AF94E94F}"
EndProject
Project("{FAE04EC0-301F-11D3-BF4B-00C04F79EFBC}") = "Exercise01", "Chapter15\演習問題\Exercise01\Exercise01.csproj", "{D706F013-0BC4-42BF-93C7-4155DFEE5253}"
EndProject
Project("{2150E333-8FDC-42A3-9474-1A3956D46DE8}") = "Chapter17", "Chapter17", "{601C0FE5-5639-4098-9E62-2AA676620B20}"
EndProject
Project("{FAE04EC0-301F-11D3-BF4B-00C04F79EFBC}") = "Section01", "Chapter17\Section01\Section01.csproj", "{B646EC1B-9EC8-408A-B985-6BAC8183A593}"
EndProject
Project("{2150E333-8FDC-42A3-9474-1A3956D46DE8}") = "TemplateMethod", "TemplateMethod", "{7DFA8764-0DA5-42D0-A936-A3E7EDD97B30}"
EndProject
Project("{FAE04EC0-301F-11D3-BF4B-00C04F79EFBC}") = "TextFileProcesser", "Chapter17\TemplateMethod\TextFileProcesser\TextFileProcesser.csproj", "{2B484F31-4B66-488A-A6ED-1B64A312ED8E}"
EndProject
Project("{FAE04EC0-301F-11D3-BF4B-00C04F79EFBC}") = "LineCounter", "Chapter17\TemplateMethod\LineCounter\LineCounter.csproj", "{9BE1E5CB-CC19-4228-95FD-7D25BD9F966F}"
EndProject
Project("{2150E333-8FDC-42A3-9474-1A3956D46DE8}") = "Stratagy", "Stratagy", "{308487FB-8D9C-492B-8C20-8DEAB748DDCF}"
EndProject
Project("{FAE04EC0-301F-11D3-BF4B-00C04F79EFBC}") = "DistanceConverter", "Chapter17\Stratagy\DistanceConverter\DistanceConverter.csproj", "{5FBCC115-BB0D-463E-B91E-0824BEBA2B74}"
EndProject
Project("{2150E333-8FDC-42A3-9474-1A3956D46DE8}") = "演習問題", "演習問題", "{08B8E1CE-7A91-4D33-90B6-4FECD93324A3}"
EndProject
Project("{FAE04EC0-301F-11D3-BF4B-00C04F79EFBC}") = "Exercise01", "Chapter17\演習問題\Exercise01\Exercise01.csproj", "{94B8EE5D-3A1F-45AA-A4DD-53EC1207A810}"
EndProject
Project("{FAE04EC0-301F-11D3-BF4B-00C04F79EFBC}") = "Exercise02", "Chapter17\演習問題\Exercise02\Exercise02.csproj", "{BCD7A4D0-3929-40F6-B3DD-A067466ACE41}"
EndProject
Project("{2150E333-8FDC-42A3-9474-1A3956D46DE8}") = "WPF", "WPF", "{A94FB219-DF97-4C85-BBD7-24D07FE88076}"
EndProject
Project("{FAE04EC0-301F-11D3-BF4B-00C04F79EFBC}") = "SampleApplication", "WPF\SampleApplication\SampleApplication.csproj", "{20E26948-82B2-4D31-A843-8F1B3D2F08D1}"
EndProject
Project("{FAE04EC0-301F-11D3-BF4B-00C04F79EFBC}") = "LayoutSample", "WPF\LayoutSample\LayoutSample.csproj", "{585B0BDC-0364-4BAA-91B4-BB423032CE51}"
EndProject
Project("{FAE04EC0-301F-11D3-BF4B-00C04F79EFBC}") = "GridLayoutSample", "WPF\GridLayoutSample\GridLayoutSample.csproj", "{FD3E9B24-FC9E-420B-B59F-3904B31FE125}"
EndProject
Project("{FAE04EC0-301F-11D3-BF4B-00C04F79EFBC}") = "SampleSlider", "WPF\SampleSlider\SampleSlider.csproj", "{E2019C1A-A814-444E-85F3-1ABA1F13C760}"
EndProject
Project("{FAE04EC0-301F-11D3-BF4B-00C04F79EFBC}") = "ColorChacker", "WPF\ColorChacker\ColorChacker.csproj", "{6EE19A75-1551-4009-BDD8-D2C83EE67395}"
EndProject
Project("{FAE04EC0-301F-11D3-BF4B-00C04F79EFBC}") = "SampleUnitConverter", "WPF\SampleUnitConverter\SampleUnitConverter.csproj", "{891C31DD-ACC3-431A-ADB5-B1D07628F7B0}"
EndProject
Project("{FAE04EC0-301F-11D3-BF4B-00C04F79EFBC}") = "VisibilityConverter", "WPF\VisibilityConverter\VisibilityConverter.csproj", "{6BAB1CF7-BC5D-4D07-8306-F339C214234B}"
EndProject
Global
	GlobalSection(SolutionConfigurationPlatforms) = preSolution
		Debug|Any CPU = Debug|Any CPU
		Release|Any CPU = Release|Any CPU
	EndGlobalSection
	GlobalSection(ProjectConfigurationPlatforms) = postSolution
		{7836A3BD-C833-4D44-8010-3E950384C52F}.Debug|Any CPU.ActiveCfg = Debug|Any CPU
		{7836A3BD-C833-4D44-8010-3E950384C52F}.Debug|Any CPU.Build.0 = Debug|Any CPU
		{7836A3BD-C833-4D44-8010-3E950384C52F}.Release|Any CPU.ActiveCfg = Release|Any CPU
		{7836A3BD-C833-4D44-8010-3E950384C52F}.Release|Any CPU.Build.0 = Release|Any CPU
		{44FBA7E8-3D4C-4B7E-813C-A60750A2C0E7}.Debug|Any CPU.ActiveCfg = Debug|Any CPU
		{44FBA7E8-3D4C-4B7E-813C-A60750A2C0E7}.Debug|Any CPU.Build.0 = Debug|Any CPU
		{44FBA7E8-3D4C-4B7E-813C-A60750A2C0E7}.Release|Any CPU.ActiveCfg = Release|Any CPU
		{44FBA7E8-3D4C-4B7E-813C-A60750A2C0E7}.Release|Any CPU.Build.0 = Release|Any CPU
		{36B4473D-E311-4BA2-8744-B96BF05D7D4D}.Debug|Any CPU.ActiveCfg = Debug|Any CPU
		{36B4473D-E311-4BA2-8744-B96BF05D7D4D}.Debug|Any CPU.Build.0 = Debug|Any CPU
		{36B4473D-E311-4BA2-8744-B96BF05D7D4D}.Release|Any CPU.ActiveCfg = Release|Any CPU
		{36B4473D-E311-4BA2-8744-B96BF05D7D4D}.Release|Any CPU.Build.0 = Release|Any CPU
		{D03E2E50-537C-4679-B15F-ACCC1ABA3A58}.Debug|Any CPU.ActiveCfg = Debug|Any CPU
		{D03E2E50-537C-4679-B15F-ACCC1ABA3A58}.Debug|Any CPU.Build.0 = Debug|Any CPU
		{D03E2E50-537C-4679-B15F-ACCC1ABA3A58}.Release|Any CPU.ActiveCfg = Release|Any CPU
		{D03E2E50-537C-4679-B15F-ACCC1ABA3A58}.Release|Any CPU.Build.0 = Release|Any CPU
		{36A7A6CD-1F59-4586-9253-E7D225969E94}.Debug|Any CPU.ActiveCfg = Debug|Any CPU
		{36A7A6CD-1F59-4586-9253-E7D225969E94}.Debug|Any CPU.Build.0 = Debug|Any CPU
		{36A7A6CD-1F59-4586-9253-E7D225969E94}.Release|Any CPU.ActiveCfg = Release|Any CPU
		{36A7A6CD-1F59-4586-9253-E7D225969E94}.Release|Any CPU.Build.0 = Release|Any CPU
		{85B8655F-7290-41AD-8F94-CE0D05935F14}.Debug|Any CPU.ActiveCfg = Debug|Any CPU
		{85B8655F-7290-41AD-8F94-CE0D05935F14}.Debug|Any CPU.Build.0 = Debug|Any CPU
		{85B8655F-7290-41AD-8F94-CE0D05935F14}.Release|Any CPU.ActiveCfg = Release|Any CPU
		{85B8655F-7290-41AD-8F94-CE0D05935F14}.Release|Any CPU.Build.0 = Release|Any CPU
		{9ECB0AF1-5DD4-409B-8FA9-A6E7E0A6E011}.Debug|Any CPU.ActiveCfg = Debug|Any CPU
		{9ECB0AF1-5DD4-409B-8FA9-A6E7E0A6E011}.Debug|Any CPU.Build.0 = Debug|Any CPU
		{9ECB0AF1-5DD4-409B-8FA9-A6E7E0A6E011}.Release|Any CPU.ActiveCfg = Release|Any CPU
		{9ECB0AF1-5DD4-409B-8FA9-A6E7E0A6E011}.Release|Any CPU.Build.0 = Release|Any CPU
		{C854BD89-FD98-45FB-BC33-D8AB04A0D2DF}.Debug|Any CPU.ActiveCfg = Debug|Any CPU
		{C854BD89-FD98-45FB-BC33-D8AB04A0D2DF}.Debug|Any CPU.Build.0 = Debug|Any CPU
		{C854BD89-FD98-45FB-BC33-D8AB04A0D2DF}.Release|Any CPU.ActiveCfg = Release|Any CPU
		{C854BD89-FD98-45FB-BC33-D8AB04A0D2DF}.Release|Any CPU.Build.0 = Release|Any CPU
		{FE6AF6F2-4EBF-4B1F-93EE-AFEA3565E692}.Debug|Any CPU.ActiveCfg = Debug|Any CPU
		{FE6AF6F2-4EBF-4B1F-93EE-AFEA3565E692}.Debug|Any CPU.Build.0 = Debug|Any CPU
		{FE6AF6F2-4EBF-4B1F-93EE-AFEA3565E692}.Release|Any CPU.ActiveCfg = Release|Any CPU
		{FE6AF6F2-4EBF-4B1F-93EE-AFEA3565E692}.Release|Any CPU.Build.0 = Release|Any CPU
		{3D62165A-C0A0-4CF1-B334-4095451DAC4A}.Debug|Any CPU.ActiveCfg = Debug|Any CPU
		{3D62165A-C0A0-4CF1-B334-4095451DAC4A}.Debug|Any CPU.Build.0 = Debug|Any CPU
		{3D62165A-C0A0-4CF1-B334-4095451DAC4A}.Release|Any CPU.ActiveCfg = Release|Any CPU
		{3D62165A-C0A0-4CF1-B334-4095451DAC4A}.Release|Any CPU.Build.0 = Release|Any CPU
		{D593F776-24BF-4BCC-88D3-16D165D601D2}.Debug|Any CPU.ActiveCfg = Debug|Any CPU
		{D593F776-24BF-4BCC-88D3-16D165D601D2}.Debug|Any CPU.Build.0 = Debug|Any CPU
		{D593F776-24BF-4BCC-88D3-16D165D601D2}.Release|Any CPU.ActiveCfg = Release|Any CPU
		{D593F776-24BF-4BCC-88D3-16D165D601D2}.Release|Any CPU.Build.0 = Release|Any CPU
		{124BD0DB-43A7-493C-85FA-93A32752907B}.Debug|Any CPU.ActiveCfg = Debug|Any CPU
		{124BD0DB-43A7-493C-85FA-93A32752907B}.Debug|Any CPU.Build.0 = Debug|Any CPU
		{124BD0DB-43A7-493C-85FA-93A32752907B}.Release|Any CPU.ActiveCfg = Release|Any CPU
		{124BD0DB-43A7-493C-85FA-93A32752907B}.Release|Any CPU.Build.0 = Release|Any CPU
		{118F278E-AE0C-4227-A173-2E9D1A31AA8C}.Debug|Any CPU.ActiveCfg = Debug|Any CPU
		{118F278E-AE0C-4227-A173-2E9D1A31AA8C}.Debug|Any CPU.Build.0 = Debug|Any CPU
		{118F278E-AE0C-4227-A173-2E9D1A31AA8C}.Release|Any CPU.ActiveCfg = Release|Any CPU
		{118F278E-AE0C-4227-A173-2E9D1A31AA8C}.Release|Any CPU.Build.0 = Release|Any CPU
		{975C648C-D8F9-4C9C-811F-E9EA9CFE5A47}.Debug|Any CPU.ActiveCfg = Debug|Any CPU
		{975C648C-D8F9-4C9C-811F-E9EA9CFE5A47}.Debug|Any CPU.Build.0 = Debug|Any CPU
		{975C648C-D8F9-4C9C-811F-E9EA9CFE5A47}.Release|Any CPU.ActiveCfg = Release|Any CPU
		{975C648C-D8F9-4C9C-811F-E9EA9CFE5A47}.Release|Any CPU.Build.0 = Release|Any CPU
		{122BE3D4-3DDF-484C-81A7-A46B0B7B1C65}.Debug|Any CPU.ActiveCfg = Debug|Any CPU
		{122BE3D4-3DDF-484C-81A7-A46B0B7B1C65}.Debug|Any CPU.Build.0 = Debug|Any CPU
		{122BE3D4-3DDF-484C-81A7-A46B0B7B1C65}.Release|Any CPU.ActiveCfg = Release|Any CPU
		{122BE3D4-3DDF-484C-81A7-A46B0B7B1C65}.Release|Any CPU.Build.0 = Release|Any CPU
		{92C7F57F-5737-45D3-B16E-3C7C75C24B43}.Debug|Any CPU.ActiveCfg = Debug|Any CPU
		{92C7F57F-5737-45D3-B16E-3C7C75C24B43}.Debug|Any CPU.Build.0 = Debug|Any CPU
		{92C7F57F-5737-45D3-B16E-3C7C75C24B43}.Release|Any CPU.ActiveCfg = Release|Any CPU
		{92C7F57F-5737-45D3-B16E-3C7C75C24B43}.Release|Any CPU.Build.0 = Release|Any CPU
		{EAE1FA8A-1464-460C-9AAC-C0F8815FF6C0}.Debug|Any CPU.ActiveCfg = Debug|Any CPU
		{EAE1FA8A-1464-460C-9AAC-C0F8815FF6C0}.Debug|Any CPU.Build.0 = Debug|Any CPU
		{EAE1FA8A-1464-460C-9AAC-C0F8815FF6C0}.Release|Any CPU.ActiveCfg = Release|Any CPU
		{EAE1FA8A-1464-460C-9AAC-C0F8815FF6C0}.Release|Any CPU.Build.0 = Release|Any CPU
		{63FDD35F-9C57-4966-A0F4-D2D6577A20CC}.Debug|Any CPU.ActiveCfg = Debug|Any CPU
		{63FDD35F-9C57-4966-A0F4-D2D6577A20CC}.Debug|Any CPU.Build.0 = Debug|Any CPU
		{63FDD35F-9C57-4966-A0F4-D2D6577A20CC}.Release|Any CPU.ActiveCfg = Release|Any CPU
		{63FDD35F-9C57-4966-A0F4-D2D6577A20CC}.Release|Any CPU.Build.0 = Release|Any CPU
		{C5CAC61A-9199-4689-A2B3-EA6E6FCF009A}.Debug|Any CPU.ActiveCfg = Debug|Any CPU
		{C5CAC61A-9199-4689-A2B3-EA6E6FCF009A}.Debug|Any CPU.Build.0 = Debug|Any CPU
		{C5CAC61A-9199-4689-A2B3-EA6E6FCF009A}.Release|Any CPU.ActiveCfg = Release|Any CPU
		{C5CAC61A-9199-4689-A2B3-EA6E6FCF009A}.Release|Any CPU.Build.0 = Release|Any CPU
		{1DA727B1-1570-4D03-A5C8-C1DE06DAA14C}.Debug|Any CPU.ActiveCfg = Debug|Any CPU
		{1DA727B1-1570-4D03-A5C8-C1DE06DAA14C}.Debug|Any CPU.Build.0 = Debug|Any CPU
		{1DA727B1-1570-4D03-A5C8-C1DE06DAA14C}.Release|Any CPU.ActiveCfg = Release|Any CPU
		{1DA727B1-1570-4D03-A5C8-C1DE06DAA14C}.Release|Any CPU.Build.0 = Release|Any CPU
		{E162FE40-2FC0-4409-8716-8B81EFCB2F3F}.Debug|Any CPU.ActiveCfg = Debug|Any CPU
		{E162FE40-2FC0-4409-8716-8B81EFCB2F3F}.Debug|Any CPU.Build.0 = Debug|Any CPU
		{E162FE40-2FC0-4409-8716-8B81EFCB2F3F}.Release|Any CPU.ActiveCfg = Release|Any CPU
		{E162FE40-2FC0-4409-8716-8B81EFCB2F3F}.Release|Any CPU.Build.0 = Release|Any CPU
		{AE1CA65A-A812-45F0-981C-0E4082B5E770}.Debug|Any CPU.ActiveCfg = Debug|Any CPU
		{AE1CA65A-A812-45F0-981C-0E4082B5E770}.Debug|Any CPU.Build.0 = Debug|Any CPU
		{AE1CA65A-A812-45F0-981C-0E4082B5E770}.Release|Any CPU.ActiveCfg = Release|Any CPU
		{AE1CA65A-A812-45F0-981C-0E4082B5E770}.Release|Any CPU.Build.0 = Release|Any CPU
		{4364827F-C15B-4678-9A6C-1CD5D2F6A36D}.Debug|Any CPU.ActiveCfg = Debug|Any CPU
		{4364827F-C15B-4678-9A6C-1CD5D2F6A36D}.Debug|Any CPU.Build.0 = Debug|Any CPU
		{4364827F-C15B-4678-9A6C-1CD5D2F6A36D}.Release|Any CPU.ActiveCfg = Release|Any CPU
		{4364827F-C15B-4678-9A6C-1CD5D2F6A36D}.Release|Any CPU.Build.0 = Release|Any CPU
		{AC097385-A520-47A0-B862-AC0041BABC6F}.Debug|Any CPU.ActiveCfg = Debug|Any CPU
		{AC097385-A520-47A0-B862-AC0041BABC6F}.Debug|Any CPU.Build.0 = Debug|Any CPU
		{AC097385-A520-47A0-B862-AC0041BABC6F}.Release|Any CPU.ActiveCfg = Release|Any CPU
		{AC097385-A520-47A0-B862-AC0041BABC6F}.Release|Any CPU.Build.0 = Release|Any CPU
		{254E4C6C-02FA-4C85-984A-4FB3E3875D0D}.Debug|Any CPU.ActiveCfg = Debug|Any CPU
		{254E4C6C-02FA-4C85-984A-4FB3E3875D0D}.Debug|Any CPU.Build.0 = Debug|Any CPU
		{254E4C6C-02FA-4C85-984A-4FB3E3875D0D}.Release|Any CPU.ActiveCfg = Release|Any CPU
		{254E4C6C-02FA-4C85-984A-4FB3E3875D0D}.Release|Any CPU.Build.0 = Release|Any CPU
		{366749A5-676F-4FEA-A572-0A62AD2F5B99}.Debug|Any CPU.ActiveCfg = Debug|Any CPU
		{366749A5-676F-4FEA-A572-0A62AD2F5B99}.Debug|Any CPU.Build.0 = Debug|Any CPU
		{366749A5-676F-4FEA-A572-0A62AD2F5B99}.Release|Any CPU.ActiveCfg = Release|Any CPU
		{366749A5-676F-4FEA-A572-0A62AD2F5B99}.Release|Any CPU.Build.0 = Release|Any CPU
		{2BFACDC3-F44D-4199-8498-F5C3C4AC0335}.Debug|Any CPU.ActiveCfg = Debug|Any CPU
		{2BFACDC3-F44D-4199-8498-F5C3C4AC0335}.Debug|Any CPU.Build.0 = Debug|Any CPU
		{2BFACDC3-F44D-4199-8498-F5C3C4AC0335}.Release|Any CPU.ActiveCfg = Release|Any CPU
		{2BFACDC3-F44D-4199-8498-F5C3C4AC0335}.Release|Any CPU.Build.0 = Release|Any CPU
		{E461C0A8-8900-485C-B520-E929BA33F712}.Debug|Any CPU.ActiveCfg = Debug|Any CPU
		{E461C0A8-8900-485C-B520-E929BA33F712}.Debug|Any CPU.Build.0 = Debug|Any CPU
		{E461C0A8-8900-485C-B520-E929BA33F712}.Release|Any CPU.ActiveCfg = Release|Any CPU
		{E461C0A8-8900-485C-B520-E929BA33F712}.Release|Any CPU.Build.0 = Release|Any CPU
		{7AF8A78A-C9DB-451C-8FB1-A59E314C7139}.Debug|Any CPU.ActiveCfg = Debug|Any CPU
		{7AF8A78A-C9DB-451C-8FB1-A59E314C7139}.Debug|Any CPU.Build.0 = Debug|Any CPU
		{7AF8A78A-C9DB-451C-8FB1-A59E314C7139}.Release|Any CPU.ActiveCfg = Release|Any CPU
		{7AF8A78A-C9DB-451C-8FB1-A59E314C7139}.Release|Any CPU.Build.0 = Release|Any CPU
		{71EC36D3-E71D-4005-8F86-CE52C093DEA5}.Debug|Any CPU.ActiveCfg = Debug|Any CPU
		{71EC36D3-E71D-4005-8F86-CE52C093DEA5}.Debug|Any CPU.Build.0 = Debug|Any CPU
		{71EC36D3-E71D-4005-8F86-CE52C093DEA5}.Release|Any CPU.ActiveCfg = Release|Any CPU
		{71EC36D3-E71D-4005-8F86-CE52C093DEA5}.Release|Any CPU.Build.0 = Release|Any CPU
		{34627FD0-84E9-4034-894C-7745B3867292}.Debug|Any CPU.ActiveCfg = Debug|Any CPU
		{34627FD0-84E9-4034-894C-7745B3867292}.Debug|Any CPU.Build.0 = Debug|Any CPU
		{34627FD0-84E9-4034-894C-7745B3867292}.Release|Any CPU.ActiveCfg = Release|Any CPU
		{34627FD0-84E9-4034-894C-7745B3867292}.Release|Any CPU.Build.0 = Release|Any CPU
		{C3C8ADD3-12FC-4ED9-AD6D-3ECF20DFF8EF}.Debug|Any CPU.ActiveCfg = Debug|Any CPU
		{C3C8ADD3-12FC-4ED9-AD6D-3ECF20DFF8EF}.Debug|Any CPU.Build.0 = Debug|Any CPU
		{C3C8ADD3-12FC-4ED9-AD6D-3ECF20DFF8EF}.Release|Any CPU.ActiveCfg = Release|Any CPU
		{C3C8ADD3-12FC-4ED9-AD6D-3ECF20DFF8EF}.Release|Any CPU.Build.0 = Release|Any CPU
		{DFEDC338-59B7-4823-878C-95F767891E8E}.Debug|Any CPU.ActiveCfg = Debug|Any CPU
		{DFEDC338-59B7-4823-878C-95F767891E8E}.Debug|Any CPU.Build.0 = Debug|Any CPU
		{DFEDC338-59B7-4823-878C-95F767891E8E}.Release|Any CPU.ActiveCfg = Release|Any CPU
		{DFEDC338-59B7-4823-878C-95F767891E8E}.Release|Any CPU.Build.0 = Release|Any CPU
		{78269DFC-A12B-40A8-8EAD-0BFF94358148}.Debug|Any CPU.ActiveCfg = Debug|Any CPU
		{78269DFC-A12B-40A8-8EAD-0BFF94358148}.Debug|Any CPU.Build.0 = Debug|Any CPU
		{78269DFC-A12B-40A8-8EAD-0BFF94358148}.Release|Any CPU.ActiveCfg = Release|Any CPU
		{78269DFC-A12B-40A8-8EAD-0BFF94358148}.Release|Any CPU.Build.0 = Release|Any CPU
		{F26EEB4C-BDEC-422B-8F6A-C610B61E8FD9}.Debug|Any CPU.ActiveCfg = Debug|Any CPU
		{F26EEB4C-BDEC-422B-8F6A-C610B61E8FD9}.Debug|Any CPU.Build.0 = Debug|Any CPU
		{F26EEB4C-BDEC-422B-8F6A-C610B61E8FD9}.Release|Any CPU.ActiveCfg = Release|Any CPU
		{F26EEB4C-BDEC-422B-8F6A-C610B61E8FD9}.Release|Any CPU.Build.0 = Release|Any CPU
		{D614FA80-D264-4E2D-B07B-9515A14F9D1E}.Debug|Any CPU.ActiveCfg = Debug|Any CPU
		{D614FA80-D264-4E2D-B07B-9515A14F9D1E}.Debug|Any CPU.Build.0 = Debug|Any CPU
		{D614FA80-D264-4E2D-B07B-9515A14F9D1E}.Release|Any CPU.ActiveCfg = Release|Any CPU
		{D614FA80-D264-4E2D-B07B-9515A14F9D1E}.Release|Any CPU.Build.0 = Release|Any CPU
		{0D396DD4-98A9-4CE8-A6F5-05952F53DE7A}.Debug|Any CPU.ActiveCfg = Debug|Any CPU
		{0D396DD4-98A9-4CE8-A6F5-05952F53DE7A}.Debug|Any CPU.Build.0 = Debug|Any CPU
		{0D396DD4-98A9-4CE8-A6F5-05952F53DE7A}.Release|Any CPU.ActiveCfg = Release|Any CPU
		{0D396DD4-98A9-4CE8-A6F5-05952F53DE7A}.Release|Any CPU.Build.0 = Release|Any CPU
		{84A1C25D-6DE3-43A1-891E-B024A3AC1F48}.Debug|Any CPU.ActiveCfg = Debug|Any CPU
		{84A1C25D-6DE3-43A1-891E-B024A3AC1F48}.Debug|Any CPU.Build.0 = Debug|Any CPU
		{84A1C25D-6DE3-43A1-891E-B024A3AC1F48}.Release|Any CPU.ActiveCfg = Release|Any CPU
		{84A1C25D-6DE3-43A1-891E-B024A3AC1F48}.Release|Any CPU.Build.0 = Release|Any CPU
		{C0BB7A21-A5DB-457B-9FD8-CAD1964EE7EC}.Debug|Any CPU.ActiveCfg = Debug|Any CPU
		{C0BB7A21-A5DB-457B-9FD8-CAD1964EE7EC}.Debug|Any CPU.Build.0 = Debug|Any CPU
		{C0BB7A21-A5DB-457B-9FD8-CAD1964EE7EC}.Release|Any CPU.ActiveCfg = Release|Any CPU
		{C0BB7A21-A5DB-457B-9FD8-CAD1964EE7EC}.Release|Any CPU.Build.0 = Release|Any CPU
		{DC4E51A2-22DF-4257-9F98-DD90B2005B6D}.Debug|Any CPU.ActiveCfg = Debug|Any CPU
		{DC4E51A2-22DF-4257-9F98-DD90B2005B6D}.Debug|Any CPU.Build.0 = Debug|Any CPU
		{DC4E51A2-22DF-4257-9F98-DD90B2005B6D}.Release|Any CPU.ActiveCfg = Release|Any CPU
		{DC4E51A2-22DF-4257-9F98-DD90B2005B6D}.Release|Any CPU.Build.0 = Release|Any CPU
		{745D51E1-7D37-4F4F-9E51-164A15F510A8}.Debug|Any CPU.ActiveCfg = Debug|Any CPU
		{745D51E1-7D37-4F4F-9E51-164A15F510A8}.Debug|Any CPU.Build.0 = Debug|Any CPU
		{745D51E1-7D37-4F4F-9E51-164A15F510A8}.Release|Any CPU.ActiveCfg = Release|Any CPU
		{745D51E1-7D37-4F4F-9E51-164A15F510A8}.Release|Any CPU.Build.0 = Release|Any CPU
		{63D81CB3-D4B3-4423-A4DD-B33CDCB1BD93}.Debug|Any CPU.ActiveCfg = Debug|Any CPU
		{63D81CB3-D4B3-4423-A4DD-B33CDCB1BD93}.Debug|Any CPU.Build.0 = Debug|Any CPU
		{63D81CB3-D4B3-4423-A4DD-B33CDCB1BD93}.Release|Any CPU.ActiveCfg = Release|Any CPU
		{63D81CB3-D4B3-4423-A4DD-B33CDCB1BD93}.Release|Any CPU.Build.0 = Release|Any CPU
		{BD62D05D-D8A5-4000-B23B-2A7EAF411AE4}.Debug|Any CPU.ActiveCfg = Debug|Any CPU
		{BD62D05D-D8A5-4000-B23B-2A7EAF411AE4}.Debug|Any CPU.Build.0 = Debug|Any CPU
		{BD62D05D-D8A5-4000-B23B-2A7EAF411AE4}.Release|Any CPU.ActiveCfg = Release|Any CPU
		{BD62D05D-D8A5-4000-B23B-2A7EAF411AE4}.Release|Any CPU.Build.0 = Release|Any CPU
		{61367CBD-8C12-48D2-8B0B-B5AC7BF211CB}.Debug|Any CPU.ActiveCfg = Debug|Any CPU
		{61367CBD-8C12-48D2-8B0B-B5AC7BF211CB}.Debug|Any CPU.Build.0 = Debug|Any CPU
		{61367CBD-8C12-48D2-8B0B-B5AC7BF211CB}.Release|Any CPU.ActiveCfg = Release|Any CPU
		{61367CBD-8C12-48D2-8B0B-B5AC7BF211CB}.Release|Any CPU.Build.0 = Release|Any CPU
		{E0310860-AC52-4CE5-B683-282C7319F3EB}.Debug|Any CPU.ActiveCfg = Debug|Any CPU
		{E0310860-AC52-4CE5-B683-282C7319F3EB}.Debug|Any CPU.Build.0 = Debug|Any CPU
		{E0310860-AC52-4CE5-B683-282C7319F3EB}.Release|Any CPU.ActiveCfg = Release|Any CPU
		{E0310860-AC52-4CE5-B683-282C7319F3EB}.Release|Any CPU.Build.0 = Release|Any CPU
		{242A96AA-C646-448E-A824-AF136B3874A9}.Debug|Any CPU.ActiveCfg = Debug|Any CPU
		{242A96AA-C646-448E-A824-AF136B3874A9}.Debug|Any CPU.Build.0 = Debug|Any CPU
		{242A96AA-C646-448E-A824-AF136B3874A9}.Release|Any CPU.ActiveCfg = Release|Any CPU
		{242A96AA-C646-448E-A824-AF136B3874A9}.Release|Any CPU.Build.0 = Release|Any CPU
		{B2F016A9-6301-49D0-B97F-828B8B4BFCCE}.Debug|Any CPU.ActiveCfg = Debug|Any CPU
		{B2F016A9-6301-49D0-B97F-828B8B4BFCCE}.Debug|Any CPU.Build.0 = Debug|Any CPU
		{B2F016A9-6301-49D0-B97F-828B8B4BFCCE}.Release|Any CPU.ActiveCfg = Release|Any CPU
		{B2F016A9-6301-49D0-B97F-828B8B4BFCCE}.Release|Any CPU.Build.0 = Release|Any CPU
		{BCE0A141-9952-4A52-A976-83663DDDD39E}.Debug|Any CPU.ActiveCfg = Debug|Any CPU
		{BCE0A141-9952-4A52-A976-83663DDDD39E}.Debug|Any CPU.Build.0 = Debug|Any CPU
		{BCE0A141-9952-4A52-A976-83663DDDD39E}.Release|Any CPU.ActiveCfg = Release|Any CPU
		{BCE0A141-9952-4A52-A976-83663DDDD39E}.Release|Any CPU.Build.0 = Release|Any CPU
		{79E9586D-3E43-46BF-A5F2-A121207DBC7B}.Debug|Any CPU.ActiveCfg = Debug|Any CPU
		{79E9586D-3E43-46BF-A5F2-A121207DBC7B}.Debug|Any CPU.Build.0 = Debug|Any CPU
		{79E9586D-3E43-46BF-A5F2-A121207DBC7B}.Release|Any CPU.ActiveCfg = Release|Any CPU
		{79E9586D-3E43-46BF-A5F2-A121207DBC7B}.Release|Any CPU.Build.0 = Release|Any CPU
		{FEFEB3FF-FF38-4116-9ED4-478244F73841}.Debug|Any CPU.ActiveCfg = Debug|Any CPU
		{FEFEB3FF-FF38-4116-9ED4-478244F73841}.Debug|Any CPU.Build.0 = Debug|Any CPU
		{FEFEB3FF-FF38-4116-9ED4-478244F73841}.Release|Any CPU.ActiveCfg = Release|Any CPU
		{FEFEB3FF-FF38-4116-9ED4-478244F73841}.Release|Any CPU.Build.0 = Release|Any CPU
		{59259BF9-B19D-434C-816E-894EDD7BCBDC}.Debug|Any CPU.ActiveCfg = Debug|Any CPU
		{59259BF9-B19D-434C-816E-894EDD7BCBDC}.Debug|Any CPU.Build.0 = Debug|Any CPU
		{59259BF9-B19D-434C-816E-894EDD7BCBDC}.Release|Any CPU.ActiveCfg = Release|Any CPU
		{59259BF9-B19D-434C-816E-894EDD7BCBDC}.Release|Any CPU.Build.0 = Release|Any CPU
		{7AFDA919-6F59-422B-8068-3400A5071BFB}.Debug|Any CPU.ActiveCfg = Debug|Any CPU
		{7AFDA919-6F59-422B-8068-3400A5071BFB}.Debug|Any CPU.Build.0 = Debug|Any CPU
		{7AFDA919-6F59-422B-8068-3400A5071BFB}.Release|Any CPU.ActiveCfg = Release|Any CPU
		{7AFDA919-6F59-422B-8068-3400A5071BFB}.Release|Any CPU.Build.0 = Release|Any CPU
		{D706F013-0BC4-42BF-93C7-4155DFEE5253}.Debug|Any CPU.ActiveCfg = Debug|Any CPU
		{D706F013-0BC4-42BF-93C7-4155DFEE5253}.Debug|Any CPU.Build.0 = Debug|Any CPU
		{D706F013-0BC4-42BF-93C7-4155DFEE5253}.Release|Any CPU.ActiveCfg = Release|Any CPU
		{D706F013-0BC4-42BF-93C7-4155DFEE5253}.Release|Any CPU.Build.0 = Release|Any CPU
		{B646EC1B-9EC8-408A-B985-6BAC8183A593}.Debug|Any CPU.ActiveCfg = Debug|Any CPU
		{B646EC1B-9EC8-408A-B985-6BAC8183A593}.Debug|Any CPU.Build.0 = Debug|Any CPU
		{B646EC1B-9EC8-408A-B985-6BAC8183A593}.Release|Any CPU.ActiveCfg = Release|Any CPU
		{B646EC1B-9EC8-408A-B985-6BAC8183A593}.Release|Any CPU.Build.0 = Release|Any CPU
		{2B484F31-4B66-488A-A6ED-1B64A312ED8E}.Debug|Any CPU.ActiveCfg = Debug|Any CPU
		{2B484F31-4B66-488A-A6ED-1B64A312ED8E}.Debug|Any CPU.Build.0 = Debug|Any CPU
		{2B484F31-4B66-488A-A6ED-1B64A312ED8E}.Release|Any CPU.ActiveCfg = Release|Any CPU
		{2B484F31-4B66-488A-A6ED-1B64A312ED8E}.Release|Any CPU.Build.0 = Release|Any CPU
		{9BE1E5CB-CC19-4228-95FD-7D25BD9F966F}.Debug|Any CPU.ActiveCfg = Debug|Any CPU
		{9BE1E5CB-CC19-4228-95FD-7D25BD9F966F}.Debug|Any CPU.Build.0 = Debug|Any CPU
		{9BE1E5CB-CC19-4228-95FD-7D25BD9F966F}.Release|Any CPU.ActiveCfg = Release|Any CPU
		{9BE1E5CB-CC19-4228-95FD-7D25BD9F966F}.Release|Any CPU.Build.0 = Release|Any CPU
		{5FBCC115-BB0D-463E-B91E-0824BEBA2B74}.Debug|Any CPU.ActiveCfg = Debug|Any CPU
		{5FBCC115-BB0D-463E-B91E-0824BEBA2B74}.Debug|Any CPU.Build.0 = Debug|Any CPU
		{5FBCC115-BB0D-463E-B91E-0824BEBA2B74}.Release|Any CPU.ActiveCfg = Release|Any CPU
		{5FBCC115-BB0D-463E-B91E-0824BEBA2B74}.Release|Any CPU.Build.0 = Release|Any CPU
		{94B8EE5D-3A1F-45AA-A4DD-53EC1207A810}.Debug|Any CPU.ActiveCfg = Debug|Any CPU
		{94B8EE5D-3A1F-45AA-A4DD-53EC1207A810}.Debug|Any CPU.Build.0 = Debug|Any CPU
		{94B8EE5D-3A1F-45AA-A4DD-53EC1207A810}.Release|Any CPU.ActiveCfg = Release|Any CPU
		{94B8EE5D-3A1F-45AA-A4DD-53EC1207A810}.Release|Any CPU.Build.0 = Release|Any CPU
		{BCD7A4D0-3929-40F6-B3DD-A067466ACE41}.Debug|Any CPU.ActiveCfg = Debug|Any CPU
		{BCD7A4D0-3929-40F6-B3DD-A067466ACE41}.Debug|Any CPU.Build.0 = Debug|Any CPU
		{BCD7A4D0-3929-40F6-B3DD-A067466ACE41}.Release|Any CPU.ActiveCfg = Release|Any CPU
		{BCD7A4D0-3929-40F6-B3DD-A067466ACE41}.Release|Any CPU.Build.0 = Release|Any CPU
		{20E26948-82B2-4D31-A843-8F1B3D2F08D1}.Debug|Any CPU.ActiveCfg = Debug|Any CPU
		{20E26948-82B2-4D31-A843-8F1B3D2F08D1}.Debug|Any CPU.Build.0 = Debug|Any CPU
		{20E26948-82B2-4D31-A843-8F1B3D2F08D1}.Release|Any CPU.ActiveCfg = Release|Any CPU
		{20E26948-82B2-4D31-A843-8F1B3D2F08D1}.Release|Any CPU.Build.0 = Release|Any CPU
		{585B0BDC-0364-4BAA-91B4-BB423032CE51}.Debug|Any CPU.ActiveCfg = Debug|Any CPU
		{585B0BDC-0364-4BAA-91B4-BB423032CE51}.Debug|Any CPU.Build.0 = Debug|Any CPU
		{585B0BDC-0364-4BAA-91B4-BB423032CE51}.Release|Any CPU.ActiveCfg = Release|Any CPU
		{585B0BDC-0364-4BAA-91B4-BB423032CE51}.Release|Any CPU.Build.0 = Release|Any CPU
		{FD3E9B24-FC9E-420B-B59F-3904B31FE125}.Debug|Any CPU.ActiveCfg = Debug|Any CPU
		{FD3E9B24-FC9E-420B-B59F-3904B31FE125}.Debug|Any CPU.Build.0 = Debug|Any CPU
		{FD3E9B24-FC9E-420B-B59F-3904B31FE125}.Release|Any CPU.ActiveCfg = Release|Any CPU
		{FD3E9B24-FC9E-420B-B59F-3904B31FE125}.Release|Any CPU.Build.0 = Release|Any CPU
		{E2019C1A-A814-444E-85F3-1ABA1F13C760}.Debug|Any CPU.ActiveCfg = Debug|Any CPU
		{E2019C1A-A814-444E-85F3-1ABA1F13C760}.Debug|Any CPU.Build.0 = Debug|Any CPU
		{E2019C1A-A814-444E-85F3-1ABA1F13C760}.Release|Any CPU.ActiveCfg = Release|Any CPU
		{E2019C1A-A814-444E-85F3-1ABA1F13C760}.Release|Any CPU.Build.0 = Release|Any CPU
		{6EE19A75-1551-4009-BDD8-D2C83EE67395}.Debug|Any CPU.ActiveCfg = Debug|Any CPU
		{6EE19A75-1551-4009-BDD8-D2C83EE67395}.Debug|Any CPU.Build.0 = Debug|Any CPU
		{6EE19A75-1551-4009-BDD8-D2C83EE67395}.Release|Any CPU.ActiveCfg = Release|Any CPU
		{6EE19A75-1551-4009-BDD8-D2C83EE67395}.Release|Any CPU.Build.0 = Release|Any CPU
		{891C31DD-ACC3-431A-ADB5-B1D07628F7B0}.Debug|Any CPU.ActiveCfg = Debug|Any CPU
		{891C31DD-ACC3-431A-ADB5-B1D07628F7B0}.Debug|Any CPU.Build.0 = Debug|Any CPU
		{891C31DD-ACC3-431A-ADB5-B1D07628F7B0}.Release|Any CPU.ActiveCfg = Release|Any CPU
		{891C31DD-ACC3-431A-ADB5-B1D07628F7B0}.Release|Any CPU.Build.0 = Release|Any CPU
		{6BAB1CF7-BC5D-4D07-8306-F339C214234B}.Debug|Any CPU.ActiveCfg = Debug|Any CPU
		{6BAB1CF7-BC5D-4D07-8306-F339C214234B}.Debug|Any CPU.Build.0 = Debug|Any CPU
		{6BAB1CF7-BC5D-4D07-8306-F339C214234B}.Release|Any CPU.ActiveCfg = Release|Any CPU
		{6BAB1CF7-BC5D-4D07-8306-F339C214234B}.Release|Any CPU.Build.0 = Release|Any CPU
	EndGlobalSection
	GlobalSection(SolutionProperties) = preSolution
		HideSolutionNode = FALSE
	EndGlobalSection
	GlobalSection(NestedProjects) = preSolution
		{7836A3BD-C833-4D44-8010-3E950384C52F} = {DCE312C4-6156-493B-9469-8B0D829555ED}
		{44FBA7E8-3D4C-4B7E-813C-A60750A2C0E7} = {DCE312C4-6156-493B-9469-8B0D829555ED}
		{36B4473D-E311-4BA2-8744-B96BF05D7D4D} = {DCE312C4-6156-493B-9469-8B0D829555ED}
		{D03E2E50-537C-4679-B15F-ACCC1ABA3A58} = {AC112412-3618-41A5-9B9B-D614FF54959C}
		{935EE69B-750E-4801-8AEF-0E2F2C8BA21C} = {2ACFA40E-651F-4CB7-844B-1EB11478BF2E}
		{36A7A6CD-1F59-4586-9253-E7D225969E94} = {935EE69B-750E-4801-8AEF-0E2F2C8BA21C}
		{E1BE290A-C7C8-4290-8BE9-6E950715762F} = {2ACFA40E-651F-4CB7-844B-1EB11478BF2E}
		{85B8655F-7290-41AD-8F94-CE0D05935F14} = {E1BE290A-C7C8-4290-8BE9-6E950715762F}
		{2613D125-6DF5-4E5D-B1D0-95BB66552861} = {2ACFA40E-651F-4CB7-844B-1EB11478BF2E}
		{9ECB0AF1-5DD4-409B-8FA9-A6E7E0A6E011} = {2613D125-6DF5-4E5D-B1D0-95BB66552861}
		{C854BD89-FD98-45FB-BC33-D8AB04A0D2DF} = {2613D125-6DF5-4E5D-B1D0-95BB66552861}
		{FE6AF6F2-4EBF-4B1F-93EE-AFEA3565E692} = {2613D125-6DF5-4E5D-B1D0-95BB66552861}
		{3D62165A-C0A0-4CF1-B334-4095451DAC4A} = {05E73E3A-8628-4B73-BD5D-EE06AEF25E61}
		{D593F776-24BF-4BCC-88D3-16D165D601D2} = {05E73E3A-8628-4B73-BD5D-EE06AEF25E61}
		{124BD0DB-43A7-493C-85FA-93A32752907B} = {05E73E3A-8628-4B73-BD5D-EE06AEF25E61}
		{4E4FD7CD-CF45-4F29-B4E7-5A0C3F72B697} = {05E73E3A-8628-4B73-BD5D-EE06AEF25E61}
		{118F278E-AE0C-4227-A173-2E9D1A31AA8C} = {4E4FD7CD-CF45-4F29-B4E7-5A0C3F72B697}
		{975C648C-D8F9-4C9C-811F-E9EA9CFE5A47} = {4E4FD7CD-CF45-4F29-B4E7-5A0C3F72B697}
		{133857A7-1709-4305-8B3A-987846D500EF} = {B50BB26E-91E0-49FA-A431-6620E6C19476}
		{122BE3D4-3DDF-484C-81A7-A46B0B7B1C65} = {133857A7-1709-4305-8B3A-987846D500EF}
		{AA1B907A-7B09-4713-A33A-C84262AEE7C4} = {B50BB26E-91E0-49FA-A431-6620E6C19476}
		{92C7F57F-5737-45D3-B16E-3C7C75C24B43} = {AA1B907A-7B09-4713-A33A-C84262AEE7C4}
		{8A0DFC01-A1F2-4F6F-AF6A-9E562A5BE857} = {B50BB26E-91E0-49FA-A431-6620E6C19476}
		{EAE1FA8A-1464-460C-9AAC-C0F8815FF6C0} = {8A0DFC01-A1F2-4F6F-AF6A-9E562A5BE857}
		{63FDD35F-9C57-4966-A0F4-D2D6577A20CC} = {8A0DFC01-A1F2-4F6F-AF6A-9E562A5BE857}
		{09A19A88-76AB-46A4-B818-E5CBFD1BA354} = {88B1E85F-31A0-4DE5-8F91-22D4E4E0ED5D}
		{C5CAC61A-9199-4689-A2B3-EA6E6FCF009A} = {09A19A88-76AB-46A4-B818-E5CBFD1BA354}
		{1DA727B1-1570-4D03-A5C8-C1DE06DAA14C} = {09A19A88-76AB-46A4-B818-E5CBFD1BA354}
		{E162FE40-2FC0-4409-8716-8B81EFCB2F3F} = {09A19A88-76AB-46A4-B818-E5CBFD1BA354}
		{AE1CA65A-A812-45F0-981C-0E4082B5E770} = {09A19A88-76AB-46A4-B818-E5CBFD1BA354}
		{4364827F-C15B-4678-9A6C-1CD5D2F6A36D} = {3F9380CA-764C-4D86-87CC-30F0A84BF700}
		{AC097385-A520-47A0-B862-AC0041BABC6F} = {3F9380CA-764C-4D86-87CC-30F0A84BF700}
		{D769FFE5-E4C3-4B59-8B99-302681110031} = {3F9380CA-764C-4D86-87CC-30F0A84BF700}
		{254E4C6C-02FA-4C85-984A-4FB3E3875D0D} = {D769FFE5-E4C3-4B59-8B99-302681110031}
		{366749A5-676F-4FEA-A572-0A62AD2F5B99} = {D769FFE5-E4C3-4B59-8B99-302681110031}
		{2BFACDC3-F44D-4199-8498-F5C3C4AC0335} = {2BDF3376-DF7A-4124-A841-6F065F57B9C1}
		{E461C0A8-8900-485C-B520-E929BA33F712} = {2BDF3376-DF7A-4124-A841-6F065F57B9C1}
		{7AF8A78A-C9DB-451C-8FB1-A59E314C7139} = {07746A89-1E5D-4546-9CEA-92A3660C4BCB}
		{71EC36D3-E71D-4005-8F86-CE52C093DEA5} = {07746A89-1E5D-4546-9CEA-92A3660C4BCB}
		{34627FD0-84E9-4034-894C-7745B3867292} = {07746A89-1E5D-4546-9CEA-92A3660C4BCB}
		{E8940BB7-A84D-4E36-AA8B-4BB18F21B84E} = {07746A89-1E5D-4546-9CEA-92A3660C4BCB}
		{C3C8ADD3-12FC-4ED9-AD6D-3ECF20DFF8EF} = {E8940BB7-A84D-4E36-AA8B-4BB18F21B84E}
		{DFEDC338-59B7-4823-878C-95F767891E8E} = {E8940BB7-A84D-4E36-AA8B-4BB18F21B84E}
		{FAAA81F8-B780-4DFC-BAA8-BA4E1F3CE8CA} = {A78516A0-E060-4B09-A2B6-76715588D2E5}
		{78269DFC-A12B-40A8-8EAD-0BFF94358148} = {FAAA81F8-B780-4DFC-BAA8-BA4E1F3CE8CA}
		{F26EEB4C-BDEC-422B-8F6A-C610B61E8FD9} = {FAAA81F8-B780-4DFC-BAA8-BA4E1F3CE8CA}
		{D614FA80-D264-4E2D-B07B-9515A14F9D1E} = {FAAA81F8-B780-4DFC-BAA8-BA4E1F3CE8CA}
		{063A4CF2-31C8-4DE5-9A6A-CE53631F3E1F} = {A78516A0-E060-4B09-A2B6-76715588D2E5}
		{0D396DD4-98A9-4CE8-A6F5-05952F53DE7A} = {063A4CF2-31C8-4DE5-9A6A-CE53631F3E1F}
		{84A1C25D-6DE3-43A1-891E-B024A3AC1F48} = {3A462911-4D19-4350-A479-519BEFF5B873}
		{56742F36-755A-4DA4-81FB-39B8378F2DEE} = {2BDF3376-DF7A-4124-A841-6F065F57B9C1}
		{C0BB7A21-A5DB-457B-9FD8-CAD1964EE7EC} = {56742F36-755A-4DA4-81FB-39B8378F2DEE}
		{DC4E51A2-22DF-4257-9F98-DD90B2005B6D} = {7FA3B761-E9F0-4161-936C-243DAB79DC27}
		{745D51E1-7D37-4F4F-9E51-164A15F510A8} = {7FA3B761-E9F0-4161-936C-243DAB79DC27}
		{63D81CB3-D4B3-4423-A4DD-B33CDCB1BD93} = {7FA3B761-E9F0-4161-936C-243DAB79DC27}
		{BD62D05D-D8A5-4000-B23B-2A7EAF411AE4} = {3A462911-4D19-4350-A479-519BEFF5B873}
		{61367CBD-8C12-48D2-8B0B-B5AC7BF211CB} = {A069F59D-5474-4F00-ADA4-5A6CEFEB09ED}
		{E0310860-AC52-4CE5-B683-282C7319F3EB} = {A069F59D-5474-4F00-ADA4-5A6CEFEB09ED}
		{871AB5B4-79D5-4E0C-9066-8728B93FE9DE} = {A069F59D-5474-4F00-ADA4-5A6CEFEB09ED}
		{242A96AA-C646-448E-A824-AF136B3874A9} = {871AB5B4-79D5-4E0C-9066-8728B93FE9DE}
		{B2F016A9-6301-49D0-B97F-828B8B4BFCCE} = {871AB5B4-79D5-4E0C-9066-8728B93FE9DE}
		{BCE0A141-9952-4A52-A976-83663DDDD39E} = {871AB5B4-79D5-4E0C-9066-8728B93FE9DE}
		{79E9586D-3E43-46BF-A5F2-A121207DBC7B} = {871AB5B4-79D5-4E0C-9066-8728B93FE9DE}
		{FEFEB3FF-FF38-4116-9ED4-478244F73841} = {871AB5B4-79D5-4E0C-9066-8728B93FE9DE}
		{59259BF9-B19D-434C-816E-894EDD7BCBDC} = {871AB5B4-79D5-4E0C-9066-8728B93FE9DE}
		{7AFDA919-6F59-422B-8068-3400A5071BFB} = {0E6B2012-B036-4480-9DB4-BDD86BD9B5EA}
		{22BE9F29-9861-4B27-AAC8-9AF0AF94E94F} = {0E6B2012-B036-4480-9DB4-BDD86BD9B5EA}
		{D706F013-0BC4-42BF-93C7-4155DFEE5253} = {22BE9F29-9861-4B27-AAC8-9AF0AF94E94F}
		{B646EC1B-9EC8-408A-B985-6BAC8183A593} = {601C0FE5-5639-4098-9E62-2AA676620B20}
		{7DFA8764-0DA5-42D0-A936-A3E7EDD97B30} = {601C0FE5-5639-4098-9E62-2AA676620B20}
		{2B484F31-4B66-488A-A6ED-1B64A312ED8E} = {7DFA8764-0DA5-42D0-A936-A3E7EDD97B30}
		{9BE1E5CB-CC19-4228-95FD-7D25BD9F966F} = {7DFA8764-0DA5-42D0-A936-A3E7EDD97B30}
		{308487FB-8D9C-492B-8C20-8DEAB748DDCF} = {601C0FE5-5639-4098-9E62-2AA676620B20}
		{5FBCC115-BB0D-463E-B91E-0824BEBA2B74} = {308487FB-8D9C-492B-8C20-8DEAB748DDCF}
		{08B8E1CE-7A91-4D33-90B6-4FECD93324A3} = {601C0FE5-5639-4098-9E62-2AA676620B20}
		{94B8EE5D-3A1F-45AA-A4DD-53EC1207A810} = {08B8E1CE-7A91-4D33-90B6-4FECD93324A3}
		{BCD7A4D0-3929-40F6-B3DD-A067466ACE41} = {08B8E1CE-7A91-4D33-90B6-4FECD93324A3}
		{20E26948-82B2-4D31-A843-8F1B3D2F08D1} = {A94FB219-DF97-4C85-BBD7-24D07FE88076}
		{585B0BDC-0364-4BAA-91B4-BB423032CE51} = {A94FB219-DF97-4C85-BBD7-24D07FE88076}
		{FD3E9B24-FC9E-420B-B59F-3904B31FE125} = {A94FB219-DF97-4C85-BBD7-24D07FE88076}
		{E2019C1A-A814-444E-85F3-1ABA1F13C760} = {A94FB219-DF97-4C85-BBD7-24D07FE88076}
		{6EE19A75-1551-4009-BDD8-D2C83EE67395} = {A94FB219-DF97-4C85-BBD7-24D07FE88076}
		{891C31DD-ACC3-431A-ADB5-B1D07628F7B0} = {A94FB219-DF97-4C85-BBD7-24D07FE88076}
		{6BAB1CF7-BC5D-4D07-8306-F339C214234B} = {A94FB219-DF97-4C85-BBD7-24D07FE88076}
	EndGlobalSection
	GlobalSection(ExtensibilityGlobals) = postSolution
		SolutionGuid = {5959C9FF-7411-42FC-8103-B2E13EDAC693}
	EndGlobalSection
EndGlobal
